// !$*UTF8*$!
{
	archiveVersion = 1;
	classes = {
	};
	objectVersion = 46;
	objects = {

/* Begin PBXBuildFile section */
		0A0423FA15D97113008143F0 /* ASSortViewController.m in Sources */ = {isa = PBXBuildFile; fileRef = 0A0423F915D97113008143F0 /* ASSortViewController.m */; };
		0A0423FD15D98896008143F0 /* ASQuery.m in Sources */ = {isa = PBXBuildFile; fileRef = 0A0423FC15D98896008143F0 /* ASQuery.m */; };
		0A04240315D9ADD5008143F0 /* ASQueryDataController.m in Sources */ = {isa = PBXBuildFile; fileRef = 0A04240215D9ADD5008143F0 /* ASQueryDataController.m */; };
		0A04240B15DA8DD6008143F0 /* ASAddBusinessViewController.m in Sources */ = {isa = PBXBuildFile; fileRef = 0A04240A15DA8DD6008143F0 /* ASAddBusinessViewController.m */; };
		0A04240E15DA8E03008143F0 /* ASAddBusinessDataController.m in Sources */ = {isa = PBXBuildFile; fileRef = 0A04240D15DA8E03008143F0 /* ASAddBusinessDataController.m */; };
		0A04241115DA8E0E008143F0 /* ASAddBusiness.m in Sources */ = {isa = PBXBuildFile; fileRef = 0A04241015DA8E0D008143F0 /* ASAddBusiness.m */; };
		0A0ECABA15DD76E8007FD661 /* accessible.png in Resources */ = {isa = PBXBuildFile; fileRef = 0A0ECA9915DD76E8007FD661 /* accessible.png */; };
		0A0ECABB15DD76E8007FD661 /* account.png in Resources */ = {isa = PBXBuildFile; fileRef = 0A0ECA9A15DD76E8007FD661 /* account.png */; };
		0A0ECABC15DD76E8007FD661 /* allsortz.png in Resources */ = {isa = PBXBuildFile; fileRef = 0A0ECA9B15DD76E8007FD661 /* allsortz.png */; };
		0A0ECABD15DD76E8007FD661 /* bakery.png in Resources */ = {isa = PBXBuildFile; fileRef = 0A0ECA9C15DD76E8007FD661 /* bakery.png */; };
		0A0ECABE15DD76E8007FD661 /* barcode.png in Resources */ = {isa = PBXBuildFile; fileRef = 0A0ECA9D15DD76E8007FD661 /* barcode.png */; };
		0A0ECABF15DD76E8007FD661 /* beer.png in Resources */ = {isa = PBXBuildFile; fileRef = 0A0ECA9E15DD76E8007FD661 /* beer.png */; };
		0A0ECAC015DD76E8007FD661 /* breakfast.png in Resources */ = {isa = PBXBuildFile; fileRef = 0A0ECA9F15DD76E8007FD661 /* breakfast.png */; };
		0A0ECAC115DD76E8007FD661 /* broccoli.png in Resources */ = {isa = PBXBuildFile; fileRef = 0A0ECAA015DD76E8007FD661 /* broccoli.png */; };
		0A0ECAC215DD76E8007FD661 /* burger.png in Resources */ = {isa = PBXBuildFile; fileRef = 0A0ECAA115DD76E8007FD661 /* burger.png */; };
		0A0ECAC315DD76E8007FD661 /* candy.png in Resources */ = {isa = PBXBuildFile; fileRef = 0A0ECAA215DD76E8007FD661 /* candy.png */; };
		0A0ECAC415DD76E8007FD661 /* chinese.png in Resources */ = {isa = PBXBuildFile; fileRef = 0A0ECAA315DD76E8007FD661 /* chinese.png */; };
		0A0ECAC515DD76E8007FD661 /* cocktail.png in Resources */ = {isa = PBXBuildFile; fileRef = 0A0ECAA415DD76E8007FD661 /* cocktail.png */; };
		0A0ECAC615DD76E8007FD661 /* coffee.png in Resources */ = {isa = PBXBuildFile; fileRef = 0A0ECAA515DD76E8007FD661 /* coffee.png */; };
		0A0ECAC715DD76E8007FD661 /* dining.png in Resources */ = {isa = PBXBuildFile; fileRef = 0A0ECAA615DD76E8007FD661 /* dining.png */; };
		0A0ECAC815DD76E8007FD661 /* dollar.png in Resources */ = {isa = PBXBuildFile; fileRef = 0A0ECAA715DD76E8007FD661 /* dollar.png */; };
		0A0ECAC915DD76E8007FD661 /* family.png in Resources */ = {isa = PBXBuildFile; fileRef = 0A0ECAA815DD76E8007FD661 /* family.png */; };
		0A0ECACA15DD76E8007FD661 /* fast.png in Resources */ = {isa = PBXBuildFile; fileRef = 0A0ECAA915DD76E8007FD661 /* fast.png */; };
		0A0ECACB15DD76E8007FD661 /* fish.png in Resources */ = {isa = PBXBuildFile; fileRef = 0A0ECAAA15DD76E8007FD661 /* fish.png */; };
		0A0ECACC15DD76E8007FD661 /* formal.png in Resources */ = {isa = PBXBuildFile; fileRef = 0A0ECAAB15DD76E8007FD661 /* formal.png */; };
		0A0ECACD15DD76E8007FD661 /* healthy.png in Resources */ = {isa = PBXBuildFile; fileRef = 0A0ECAAC15DD76E8007FD661 /* healthy.png */; };
		0A0ECACE15DD76E8007FD661 /* hoagie.png in Resources */ = {isa = PBXBuildFile; fileRef = 0A0ECAAD15DD76E8007FD661 /* hoagie.png */; };
		0A0ECACF15DD76E8007FD661 /* icecream.png in Resources */ = {isa = PBXBuildFile; fileRef = 0A0ECAAE15DD76E8007FD661 /* icecream.png */; };
		0A0ECAD015DD76E8007FD661 /* outdoors.png in Resources */ = {isa = PBXBuildFile; fileRef = 0A0ECAAF15DD76E8007FD661 /* outdoors.png */; };
		0A0ECAD115DD76E8007FD661 /* party.png in Resources */ = {isa = PBXBuildFile; fileRef = 0A0ECAB015DD76E8007FD661 /* party.png */; };
		0A0ECAD215DD76E8007FD661 /* pepper.png in Resources */ = {isa = PBXBuildFile; fileRef = 0A0ECAB115DD76E8007FD661 /* pepper.png */; };
		0A0ECAD315DD76E8007FD661 /* pie.png in Resources */ = {isa = PBXBuildFile; fileRef = 0A0ECAB215DD76E8007FD661 /* pie.png */; };
		0A0ECAD415DD76E8007FD661 /* pizza.png in Resources */ = {isa = PBXBuildFile; fileRef = 0A0ECAB315DD76E8007FD661 /* pizza.png */; };
		0A0ECAD515DD76E8007FD661 /* rice.png in Resources */ = {isa = PBXBuildFile; fileRef = 0A0ECAB415DD76E8007FD661 /* rice.png */; };
		0A0ECAD615DD76E8007FD661 /* settings.png in Resources */ = {isa = PBXBuildFile; fileRef = 0A0ECAB515DD76E8007FD661 /* settings.png */; };
		0A0ECAD715DD76E8007FD661 /* steak.png in Resources */ = {isa = PBXBuildFile; fileRef = 0A0ECAB615DD76E8007FD661 /* steak.png */; };
		0A0ECAD815DD76E8007FD661 /* sushi.png in Resources */ = {isa = PBXBuildFile; fileRef = 0A0ECAB715DD76E8007FD661 /* sushi.png */; };
		0A0ECAD915DD76E8007FD661 /* wifi.png in Resources */ = {isa = PBXBuildFile; fileRef = 0A0ECAB815DD76E8007FD661 /* wifi.png */; };
		0A0ECADA15DD76E8007FD661 /* wine.png in Resources */ = {isa = PBXBuildFile; fileRef = 0A0ECAB915DD76E8007FD661 /* wine.png */; };
		0A0ECADD15DD82AF007FD661 /* default.png in Resources */ = {isa = PBXBuildFile; fileRef = 0A0ECADC15DD82AF007FD661 /* default.png */; };
		0A0ECADF15DD82BF007FD661 /* latenight.png in Resources */ = {isa = PBXBuildFile; fileRef = 0A0ECADE15DD82BF007FD661 /* latenight.png */; };
		0A3DB66615D5AF970069637D /* ASIconDownloader.m in Sources */ = {isa = PBXBuildFile; fileRef = 0A3DB66515D5AF970069637D /* ASIconDownloader.m */; };
		0A3DB67515D5B8FC0069637D /* ASListing.m in Sources */ = {isa = PBXBuildFile; fileRef = 0A3DB67415D5B8FC0069637D /* ASListing.m */; };
		0A7BAAC715DD483F00605B7D /* Placeholder.png in Resources */ = {isa = PBXBuildFile; fileRef = 0A7BAAC615DD483F00605B7D /* Placeholder.png */; };
		0AA6258315EE901B00C0BE8E /* ASMapPoint.m in Sources */ = {isa = PBXBuildFile; fileRef = 0AA6258215EE901B00C0BE8E /* ASMapPoint.m */; };
		0AA6258515EEB85700C0BE8E /* def-as-icon.png in Resources */ = {isa = PBXBuildFile; fileRef = 0AA6258415EEB85600C0BE8E /* def-as-icon.png */; };
		0AA6258B15EEBB9C00C0BE8E /* test-smaller.png in Resources */ = {isa = PBXBuildFile; fileRef = 0AA6258A15EEBB9C00C0BE8E /* test-smaller.png */; };
		0AA6259215EEBCAF00C0BE8E /* ASMapAnnotation.m in Sources */ = {isa = PBXBuildFile; fileRef = 0AA6259115EEBCAF00C0BE8E /* ASMapAnnotation.m */; };
		0AA6259515EED1AD00C0BE8E /* ASCLController.m in Sources */ = {isa = PBXBuildFile; fileRef = 0AA6259415EED1AB00C0BE8E /* ASCLController.m */; };
		0AA6259715EED5F900C0BE8E /* CoreLocation.framework in Frameworks */ = {isa = PBXBuildFile; fileRef = 0AA6259615EED5F800C0BE8E /* CoreLocation.framework */; };
		0AAB66C415EFA4E800F22011 /* ASUser.m in Sources */ = {isa = PBXBuildFile; fileRef = 0AAB66BF15EFA4E800F22011 /* ASUser.m */; };
		0AAB66C515EFA4E800F22011 /* ASSocialDataController.m in Sources */ = {isa = PBXBuildFile; fileRef = 0AAB66C115EFA4E800F22011 /* ASSocialDataController.m */; };
		0AAB66C615EFA4E800F22011 /* ASSocialViewController.m in Sources */ = {isa = PBXBuildFile; fileRef = 0AAB66C315EFA4E800F22011 /* ASSocialViewController.m */; };
		0AAB66C915EFE50300F22011 /* ASProfilePictureViewController.m in Sources */ = {isa = PBXBuildFile; fileRef = 0AAB66C815EFE50300F22011 /* ASProfilePictureViewController.m */; };
		0AFE1B6F15E6995000636B4D /* ASUserProfileViewController.m in Sources */ = {isa = PBXBuildFile; fileRef = 0AFE1B6E15E6995000636B4D /* ASUserProfileViewController.m */; };
		0AFE1B7415E6997C00636B4D /* ASUserProfileDataController.m in Sources */ = {isa = PBXBuildFile; fileRef = 0AFE1B7315E6997C00636B4D /* ASUserProfileDataController.m */; };
		0AFE1B7715E6999C00636B4D /* ASUserProfile.m in Sources */ = {isa = PBXBuildFile; fileRef = 0AFE1B7615E6999C00636B4D /* ASUserProfile.m */; };
		0AFE1B7D15E70C6600636B4D /* ASTopicBrowseViewController.m in Sources */ = {isa = PBXBuildFile; fileRef = 0AFE1B7C15E70C6600636B4D /* ASTopicBrowseViewController.m */; };
		0AFF559C15E50E32002E5085 /* ASActivityWaitingViewController.m in Sources */ = {isa = PBXBuildFile; fileRef = 0AFF559B15E50E32002E5085 /* ASActivityWaitingViewController.m */; };
		0AFF55A215E53B1A002E5085 /* ASURLEncoding.m in Sources */ = {isa = PBXBuildFile; fileRef = 0AFF55A115E53B1A002E5085 /* ASURLEncoding.m */; };
		6C096F8315BD93CD0082ECDB /* tab_map@2x.png in Resources */ = {isa = PBXBuildFile; fileRef = 6C096F7F15BD93CD0082ECDB /* tab_map@2x.png */; };
		6C096F8415BD93CD0082ECDB /* tab_account@2x.png in Resources */ = {isa = PBXBuildFile; fileRef = 6C096F8015BD93CD0082ECDB /* tab_account@2x.png */; };
		6C096F8515BD93CD0082ECDB /* tab_scan@2x.png in Resources */ = {isa = PBXBuildFile; fileRef = 6C096F8115BD93CD0082ECDB /* tab_scan@2x.png */; };
		6C096F8615BD93CD0082ECDB /* tab_listings@2x.png in Resources */ = {isa = PBXBuildFile; fileRef = 6C096F8215BD93CD0082ECDB /* tab_listings@2x.png */; };
		6C096F8B15BD93F10082ECDB /* tab_map.png in Resources */ = {isa = PBXBuildFile; fileRef = 6C096F8715BD93F10082ECDB /* tab_map.png */; };
		6C096F8C15BD93F10082ECDB /* tab_account.png in Resources */ = {isa = PBXBuildFile; fileRef = 6C096F8815BD93F10082ECDB /* tab_account.png */; };
		6C096F8D15BD93F10082ECDB /* tab_scan.png in Resources */ = {isa = PBXBuildFile; fileRef = 6C096F8915BD93F10082ECDB /* tab_scan.png */; };
		6C096F8E15BD93F10082ECDB /* tab_listings.png in Resources */ = {isa = PBXBuildFile; fileRef = 6C096F8A15BD93F10082ECDB /* tab_listings.png */; };
		6C0CC23615B7B1FC00F2F7B6 /* UIKit.framework in Frameworks */ = {isa = PBXBuildFile; fileRef = 6C0CC23515B7B1FC00F2F7B6 /* UIKit.framework */; };
		6C0CC23815B7B1FC00F2F7B6 /* Foundation.framework in Frameworks */ = {isa = PBXBuildFile; fileRef = 6C0CC23715B7B1FC00F2F7B6 /* Foundation.framework */; };
		6C0CC23A15B7B1FC00F2F7B6 /* CoreGraphics.framework in Frameworks */ = {isa = PBXBuildFile; fileRef = 6C0CC23915B7B1FC00F2F7B6 /* CoreGraphics.framework */; };
		6C0CC24015B7B1FC00F2F7B6 /* InfoPlist.strings in Resources */ = {isa = PBXBuildFile; fileRef = 6C0CC23E15B7B1FC00F2F7B6 /* InfoPlist.strings */; };
		6C0CC24215B7B1FC00F2F7B6 /* main.m in Sources */ = {isa = PBXBuildFile; fileRef = 6C0CC24115B7B1FC00F2F7B6 /* main.m */; };
		6C0CC24615B7B1FC00F2F7B6 /* ASAppDelegate.m in Sources */ = {isa = PBXBuildFile; fileRef = 6C0CC24515B7B1FC00F2F7B6 /* ASAppDelegate.m */; };
		6C0CC24915B7B1FC00F2F7B6 /* MainStoryboard_iPhone.storyboard in Resources */ = {isa = PBXBuildFile; fileRef = 6C0CC24715B7B1FC00F2F7B6 /* MainStoryboard_iPhone.storyboard */; };
		6C0CC24C15B7B1FC00F2F7B6 /* MainStoryboard_iPad.storyboard in Resources */ = {isa = PBXBuildFile; fileRef = 6C0CC24A15B7B1FC00F2F7B6 /* MainStoryboard_iPad.storyboard */; };
		6C0CC26215B7B1FC00F2F7B6 /* SenTestingKit.framework in Frameworks */ = {isa = PBXBuildFile; fileRef = 6C0CC26115B7B1FC00F2F7B6 /* SenTestingKit.framework */; };
		6C0CC26315B7B1FC00F2F7B6 /* UIKit.framework in Frameworks */ = {isa = PBXBuildFile; fileRef = 6C0CC23515B7B1FC00F2F7B6 /* UIKit.framework */; };
		6C0CC26415B7B1FC00F2F7B6 /* Foundation.framework in Frameworks */ = {isa = PBXBuildFile; fileRef = 6C0CC23715B7B1FC00F2F7B6 /* Foundation.framework */; };
		6C0CC26C15B7B1FC00F2F7B6 /* InfoPlist.strings in Resources */ = {isa = PBXBuildFile; fileRef = 6C0CC26A15B7B1FC00F2F7B6 /* InfoPlist.strings */; };
		6C0CC26F15B7B1FC00F2F7B6 /* AllSortzTests.m in Sources */ = {isa = PBXBuildFile; fileRef = 6C0CC26E15B7B1FC00F2F7B6 /* AllSortzTests.m */; };
		6C0CC27915B7B9BE00F2F7B6 /* MapKit.framework in Frameworks */ = {isa = PBXBuildFile; fileRef = 6C0CC27815B7B9BE00F2F7B6 /* MapKit.framework */; };
		6C3A150615E531F8006C9EC0 /* Icon-72.png in Resources */ = {isa = PBXBuildFile; fileRef = 6C3A150115E531F8006C9EC0 /* Icon-72.png */; };
		6C3A150715E531F8006C9EC0 /* Icon-72@2x.png in Resources */ = {isa = PBXBuildFile; fileRef = 6C3A150215E531F8006C9EC0 /* Icon-72@2x.png */; };
		6C3A150815E531F8006C9EC0 /* Icon-1024.png in Resources */ = {isa = PBXBuildFile; fileRef = 6C3A150315E531F8006C9EC0 /* Icon-1024.png */; };
		6C3A150915E531F8006C9EC0 /* Icon.png in Resources */ = {isa = PBXBuildFile; fileRef = 6C3A150415E531F8006C9EC0 /* Icon.png */; };
		6C3A150A15E531F8006C9EC0 /* Icon@2x.png in Resources */ = {isa = PBXBuildFile; fileRef = 6C3A150515E531F8006C9EC0 /* Icon@2x.png */; };
		6C3A151115E537A9006C9EC0 /* Icon-Small-50.png in Resources */ = {isa = PBXBuildFile; fileRef = 6C3A150D15E537A9006C9EC0 /* Icon-Small-50.png */; };
		6C3A151215E537A9006C9EC0 /* Icon-Small-50@2x.png in Resources */ = {isa = PBXBuildFile; fileRef = 6C3A150E15E537A9006C9EC0 /* Icon-Small-50@2x.png */; };
		6C3A151315E537A9006C9EC0 /* Icon-Small.png in Resources */ = {isa = PBXBuildFile; fileRef = 6C3A150F15E537A9006C9EC0 /* Icon-Small.png */; };
		6C3A151415E537A9006C9EC0 /* Icon-Small@2x.png in Resources */ = {isa = PBXBuildFile; fileRef = 6C3A151015E537A9006C9EC0 /* Icon-Small@2x.png */; };
		6C61B73615E580140041276B /* ASDefault-Landscape@2x~ipad.png in Resources */ = {isa = PBXBuildFile; fileRef = 6C61B73015E580140041276B /* ASDefault-Landscape@2x~ipad.png */; };
		6C61B73715E580140041276B /* ASDefault-Landscape~ipad.png in Resources */ = {isa = PBXBuildFile; fileRef = 6C61B73115E580140041276B /* ASDefault-Landscape~ipad.png */; };
		6C61B73815E580140041276B /* ASDefault-Portrait@2x~ipad.png in Resources */ = {isa = PBXBuildFile; fileRef = 6C61B73215E580140041276B /* ASDefault-Portrait@2x~ipad.png */; };
		6C61B73915E580140041276B /* ASDefault-Portrait~ipad.png in Resources */ = {isa = PBXBuildFile; fileRef = 6C61B73315E580140041276B /* ASDefault-Portrait~ipad.png */; };
		6C61B73A15E580140041276B /* ASDefault@2x~iphone.png in Resources */ = {isa = PBXBuildFile; fileRef = 6C61B73415E580140041276B /* ASDefault@2x~iphone.png */; };
		6C61B73B15E580140041276B /* ASDefault~iphone.png in Resources */ = {isa = PBXBuildFile; fileRef = 6C61B73515E580140041276B /* ASDefault~iphone.png */; };
		6C92CDBC15C49A1400B6FF9B /* ASBusinessListDataController.m in Sources */ = {isa = PBXBuildFile; fileRef = 6C92CDBB15C49A1400B6FF9B /* ASBusinessListDataController.m */; };
		6CBBAA2F15B8AF350073970B /* ASListingsViewController.m in Sources */ = {isa = PBXBuildFile; fileRef = 6CBBAA2E15B8AF350073970B /* ASListingsViewController.m */; };
		6CC57A2815C4EE3E00F76A13 /* ASBusinessList.m in Sources */ = {isa = PBXBuildFile; fileRef = 6CC57A2715C4EE3E00F76A13 /* ASBusinessList.m */; };
		6CD1384B15B8370D0032A4F1 /* ASMapViewController.m in Sources */ = {isa = PBXBuildFile; fileRef = 6CD1384A15B8370D0032A4F1 /* ASMapViewController.m */; };
/* End PBXBuildFile section */

/* Begin PBXContainerItemProxy section */
		6C0CC26515B7B1FC00F2F7B6 /* PBXContainerItemProxy */ = {
			isa = PBXContainerItemProxy;
			containerPortal = 6C0CC22815B7B1FC00F2F7B6 /* Project object */;
			proxyType = 1;
			remoteGlobalIDString = 6C0CC23015B7B1FC00F2F7B6;
			remoteInfo = AllSortz;
		};
/* End PBXContainerItemProxy section */

/* Begin PBXFileReference section */
		0A0423F815D97113008143F0 /* ASSortViewController.h */ = {isa = PBXFileReference; fileEncoding = 4; lastKnownFileType = sourcecode.c.h; name = ASSortViewController.h; path = ../ASSortViewController.h; sourceTree = "<group>"; };
		0A0423F915D97113008143F0 /* ASSortViewController.m */ = {isa = PBXFileReference; fileEncoding = 4; lastKnownFileType = sourcecode.c.objc; name = ASSortViewController.m; path = ../ASSortViewController.m; sourceTree = "<group>"; };
		0A0423FB15D98896008143F0 /* ASQuery.h */ = {isa = PBXFileReference; fileEncoding = 4; lastKnownFileType = sourcecode.c.h; path = ASQuery.h; sourceTree = "<group>"; };
		0A0423FC15D98896008143F0 /* ASQuery.m */ = {isa = PBXFileReference; fileEncoding = 4; lastKnownFileType = sourcecode.c.objc; path = ASQuery.m; sourceTree = "<group>"; };
		0A04240115D9ADD5008143F0 /* ASQueryDataController.h */ = {isa = PBXFileReference; fileEncoding = 4; lastKnownFileType = sourcecode.c.h; path = ASQueryDataController.h; sourceTree = "<group>"; };
		0A04240215D9ADD5008143F0 /* ASQueryDataController.m */ = {isa = PBXFileReference; fileEncoding = 4; lastKnownFileType = sourcecode.c.objc; path = ASQueryDataController.m; sourceTree = "<group>"; };
		0A04240915DA8DD6008143F0 /* ASAddBusinessViewController.h */ = {isa = PBXFileReference; fileEncoding = 4; lastKnownFileType = sourcecode.c.h; path = ASAddBusinessViewController.h; sourceTree = "<group>"; };
		0A04240A15DA8DD6008143F0 /* ASAddBusinessViewController.m */ = {isa = PBXFileReference; fileEncoding = 4; lastKnownFileType = sourcecode.c.objc; path = ASAddBusinessViewController.m; sourceTree = "<group>"; };
		0A04240C15DA8E03008143F0 /* ASAddBusinessDataController.h */ = {isa = PBXFileReference; fileEncoding = 4; lastKnownFileType = sourcecode.c.h; path = ASAddBusinessDataController.h; sourceTree = "<group>"; };
		0A04240D15DA8E03008143F0 /* ASAddBusinessDataController.m */ = {isa = PBXFileReference; fileEncoding = 4; lastKnownFileType = sourcecode.c.objc; path = ASAddBusinessDataController.m; sourceTree = "<group>"; };
		0A04240F15DA8E0D008143F0 /* ASAddBusiness.h */ = {isa = PBXFileReference; fileEncoding = 4; lastKnownFileType = sourcecode.c.h; path = ASAddBusiness.h; sourceTree = "<group>"; };
		0A04241015DA8E0D008143F0 /* ASAddBusiness.m */ = {isa = PBXFileReference; fileEncoding = 4; lastKnownFileType = sourcecode.c.objc; path = ASAddBusiness.m; sourceTree = "<group>"; };
		0A0ECA9915DD76E8007FD661 /* accessible.png */ = {isa = PBXFileReference; lastKnownFileType = image.png; path = accessible.png; sourceTree = "<group>"; };
		0A0ECA9A15DD76E8007FD661 /* account.png */ = {isa = PBXFileReference; lastKnownFileType = image.png; path = account.png; sourceTree = "<group>"; };
		0A0ECA9B15DD76E8007FD661 /* allsortz.png */ = {isa = PBXFileReference; lastKnownFileType = image.png; path = allsortz.png; sourceTree = "<group>"; };
		0A0ECA9C15DD76E8007FD661 /* bakery.png */ = {isa = PBXFileReference; lastKnownFileType = image.png; path = bakery.png; sourceTree = "<group>"; };
		0A0ECA9D15DD76E8007FD661 /* barcode.png */ = {isa = PBXFileReference; lastKnownFileType = image.png; path = barcode.png; sourceTree = "<group>"; };
		0A0ECA9E15DD76E8007FD661 /* beer.png */ = {isa = PBXFileReference; lastKnownFileType = image.png; path = beer.png; sourceTree = "<group>"; };
		0A0ECA9F15DD76E8007FD661 /* breakfast.png */ = {isa = PBXFileReference; lastKnownFileType = image.png; path = breakfast.png; sourceTree = "<group>"; };
		0A0ECAA015DD76E8007FD661 /* broccoli.png */ = {isa = PBXFileReference; lastKnownFileType = image.png; path = broccoli.png; sourceTree = "<group>"; };
		0A0ECAA115DD76E8007FD661 /* burger.png */ = {isa = PBXFileReference; lastKnownFileType = image.png; path = burger.png; sourceTree = "<group>"; };
		0A0ECAA215DD76E8007FD661 /* candy.png */ = {isa = PBXFileReference; lastKnownFileType = image.png; path = candy.png; sourceTree = "<group>"; };
		0A0ECAA315DD76E8007FD661 /* chinese.png */ = {isa = PBXFileReference; lastKnownFileType = image.png; path = chinese.png; sourceTree = "<group>"; };
		0A0ECAA415DD76E8007FD661 /* cocktail.png */ = {isa = PBXFileReference; lastKnownFileType = image.png; path = cocktail.png; sourceTree = "<group>"; };
		0A0ECAA515DD76E8007FD661 /* coffee.png */ = {isa = PBXFileReference; lastKnownFileType = image.png; path = coffee.png; sourceTree = "<group>"; };
		0A0ECAA615DD76E8007FD661 /* dining.png */ = {isa = PBXFileReference; lastKnownFileType = image.png; path = dining.png; sourceTree = "<group>"; };
		0A0ECAA715DD76E8007FD661 /* dollar.png */ = {isa = PBXFileReference; lastKnownFileType = image.png; path = dollar.png; sourceTree = "<group>"; };
		0A0ECAA815DD76E8007FD661 /* family.png */ = {isa = PBXFileReference; lastKnownFileType = image.png; path = family.png; sourceTree = "<group>"; };
		0A0ECAA915DD76E8007FD661 /* fast.png */ = {isa = PBXFileReference; lastKnownFileType = image.png; path = fast.png; sourceTree = "<group>"; };
		0A0ECAAA15DD76E8007FD661 /* fish.png */ = {isa = PBXFileReference; lastKnownFileType = image.png; path = fish.png; sourceTree = "<group>"; };
		0A0ECAAB15DD76E8007FD661 /* formal.png */ = {isa = PBXFileReference; lastKnownFileType = image.png; path = formal.png; sourceTree = "<group>"; };
		0A0ECAAC15DD76E8007FD661 /* healthy.png */ = {isa = PBXFileReference; lastKnownFileType = image.png; path = healthy.png; sourceTree = "<group>"; };
		0A0ECAAD15DD76E8007FD661 /* hoagie.png */ = {isa = PBXFileReference; lastKnownFileType = image.png; path = hoagie.png; sourceTree = "<group>"; };
		0A0ECAAE15DD76E8007FD661 /* icecream.png */ = {isa = PBXFileReference; lastKnownFileType = image.png; path = icecream.png; sourceTree = "<group>"; };
		0A0ECAAF15DD76E8007FD661 /* outdoors.png */ = {isa = PBXFileReference; lastKnownFileType = image.png; path = outdoors.png; sourceTree = "<group>"; };
		0A0ECAB015DD76E8007FD661 /* party.png */ = {isa = PBXFileReference; lastKnownFileType = image.png; path = party.png; sourceTree = "<group>"; };
		0A0ECAB115DD76E8007FD661 /* pepper.png */ = {isa = PBXFileReference; lastKnownFileType = image.png; path = pepper.png; sourceTree = "<group>"; };
		0A0ECAB215DD76E8007FD661 /* pie.png */ = {isa = PBXFileReference; lastKnownFileType = image.png; path = pie.png; sourceTree = "<group>"; };
		0A0ECAB315DD76E8007FD661 /* pizza.png */ = {isa = PBXFileReference; lastKnownFileType = image.png; path = pizza.png; sourceTree = "<group>"; };
		0A0ECAB415DD76E8007FD661 /* rice.png */ = {isa = PBXFileReference; lastKnownFileType = image.png; path = rice.png; sourceTree = "<group>"; };
		0A0ECAB515DD76E8007FD661 /* settings.png */ = {isa = PBXFileReference; lastKnownFileType = image.png; path = settings.png; sourceTree = "<group>"; };
		0A0ECAB615DD76E8007FD661 /* steak.png */ = {isa = PBXFileReference; lastKnownFileType = image.png; path = steak.png; sourceTree = "<group>"; };
		0A0ECAB715DD76E8007FD661 /* sushi.png */ = {isa = PBXFileReference; lastKnownFileType = image.png; path = sushi.png; sourceTree = "<group>"; };
		0A0ECAB815DD76E8007FD661 /* wifi.png */ = {isa = PBXFileReference; lastKnownFileType = image.png; path = wifi.png; sourceTree = "<group>"; };
		0A0ECAB915DD76E8007FD661 /* wine.png */ = {isa = PBXFileReference; lastKnownFileType = image.png; path = wine.png; sourceTree = "<group>"; };
		0A0ECADC15DD82AF007FD661 /* default.png */ = {isa = PBXFileReference; lastKnownFileType = image.png; path = default.png; sourceTree = "<group>"; };
		0A0ECADE15DD82BF007FD661 /* latenight.png */ = {isa = PBXFileReference; lastKnownFileType = image.png; path = latenight.png; sourceTree = "<group>"; };
		0A3DB66415D5AF970069637D /* ASIconDownloader.h */ = {isa = PBXFileReference; fileEncoding = 4; lastKnownFileType = sourcecode.c.h; path = ASIconDownloader.h; sourceTree = "<group>"; };
		0A3DB66515D5AF970069637D /* ASIconDownloader.m */ = {isa = PBXFileReference; fileEncoding = 4; lastKnownFileType = sourcecode.c.objc; path = ASIconDownloader.m; sourceTree = "<group>"; };
		0A3DB67315D5B8FC0069637D /* ASListing.h */ = {isa = PBXFileReference; fileEncoding = 4; lastKnownFileType = sourcecode.c.h; path = ASListing.h; sourceTree = "<group>"; };
		0A3DB67415D5B8FC0069637D /* ASListing.m */ = {isa = PBXFileReference; fileEncoding = 4; lastKnownFileType = sourcecode.c.objc; path = ASListing.m; sourceTree = "<group>"; };
		0A7BAAC615DD483F00605B7D /* Placeholder.png */ = {isa = PBXFileReference; lastKnownFileType = image.png; path = Placeholder.png; sourceTree = "<group>"; };
		0AA6258115EE901B00C0BE8E /* ASMapPoint.h */ = {isa = PBXFileReference; fileEncoding = 4; lastKnownFileType = sourcecode.c.h; path = ASMapPoint.h; sourceTree = "<group>"; };
		0AA6258215EE901B00C0BE8E /* ASMapPoint.m */ = {isa = PBXFileReference; fileEncoding = 4; lastKnownFileType = sourcecode.c.objc; path = ASMapPoint.m; sourceTree = "<group>"; };
		0AA6258415EEB85600C0BE8E /* def-as-icon.png */ = {isa = PBXFileReference; lastKnownFileType = image.png; path = "def-as-icon.png"; sourceTree = "<group>"; };
		0AA6258A15EEBB9C00C0BE8E /* test-smaller.png */ = {isa = PBXFileReference; lastKnownFileType = image.png; path = "test-smaller.png"; sourceTree = "<group>"; };
		0AA6259015EEBCAF00C0BE8E /* ASMapAnnotation.h */ = {isa = PBXFileReference; fileEncoding = 4; lastKnownFileType = sourcecode.c.h; path = ASMapAnnotation.h; sourceTree = "<group>"; };
		0AA6259115EEBCAF00C0BE8E /* ASMapAnnotation.m */ = {isa = PBXFileReference; fileEncoding = 4; lastKnownFileType = sourcecode.c.objc; path = ASMapAnnotation.m; sourceTree = "<group>"; };
		0AA6259315EED1A800C0BE8E /* ASCLController.h */ = {isa = PBXFileReference; fileEncoding = 4; lastKnownFileType = sourcecode.c.h; path = ASCLController.h; sourceTree = "<group>"; };
		0AA6259415EED1AB00C0BE8E /* ASCLController.m */ = {isa = PBXFileReference; fileEncoding = 4; lastKnownFileType = sourcecode.c.objc; path = ASCLController.m; sourceTree = "<group>"; };
		0AA6259615EED5F800C0BE8E /* CoreLocation.framework */ = {isa = PBXFileReference; lastKnownFileType = wrapper.framework; name = CoreLocation.framework; path = System/Library/Frameworks/CoreLocation.framework; sourceTree = SDKROOT; };
		0AAB66BE15EFA4E800F22011 /* ASUser.h */ = {isa = PBXFileReference; fileEncoding = 4; lastKnownFileType = sourcecode.c.h; path = ASUser.h; sourceTree = "<group>"; };
		0AAB66BF15EFA4E800F22011 /* ASUser.m */ = {isa = PBXFileReference; fileEncoding = 4; lastKnownFileType = sourcecode.c.objc; path = ASUser.m; sourceTree = "<group>"; };
		0AAB66C015EFA4E800F22011 /* ASSocialDataController.h */ = {isa = PBXFileReference; fileEncoding = 4; lastKnownFileType = sourcecode.c.h; path = ASSocialDataController.h; sourceTree = "<group>"; };
		0AAB66C115EFA4E800F22011 /* ASSocialDataController.m */ = {isa = PBXFileReference; fileEncoding = 4; lastKnownFileType = sourcecode.c.objc; path = ASSocialDataController.m; sourceTree = "<group>"; };
		0AAB66C215EFA4E800F22011 /* ASSocialViewController.h */ = {isa = PBXFileReference; fileEncoding = 4; lastKnownFileType = sourcecode.c.h; path = ASSocialViewController.h; sourceTree = "<group>"; };
		0AAB66C315EFA4E800F22011 /* ASSocialViewController.m */ = {isa = PBXFileReference; fileEncoding = 4; lastKnownFileType = sourcecode.c.objc; path = ASSocialViewController.m; sourceTree = "<group>"; };
		0AAB66C715EFE50300F22011 /* ASProfilePictureViewController.h */ = {isa = PBXFileReference; fileEncoding = 4; lastKnownFileType = sourcecode.c.h; path = ASProfilePictureViewController.h; sourceTree = "<group>"; };
		0AAB66C815EFE50300F22011 /* ASProfilePictureViewController.m */ = {isa = PBXFileReference; fileEncoding = 4; lastKnownFileType = sourcecode.c.objc; path = ASProfilePictureViewController.m; sourceTree = "<group>"; };
		0AFE1B6D15E6995000636B4D /* ASUserProfileViewController.h */ = {isa = PBXFileReference; fileEncoding = 4; lastKnownFileType = sourcecode.c.h; path = ASUserProfileViewController.h; sourceTree = "<group>"; };
		0AFE1B6E15E6995000636B4D /* ASUserProfileViewController.m */ = {isa = PBXFileReference; fileEncoding = 4; lastKnownFileType = sourcecode.c.objc; path = ASUserProfileViewController.m; sourceTree = "<group>"; };
		0AFE1B7215E6997C00636B4D /* ASUserProfileDataController.h */ = {isa = PBXFileReference; fileEncoding = 4; lastKnownFileType = sourcecode.c.h; path = ASUserProfileDataController.h; sourceTree = "<group>"; };
		0AFE1B7315E6997C00636B4D /* ASUserProfileDataController.m */ = {isa = PBXFileReference; fileEncoding = 4; lastKnownFileType = sourcecode.c.objc; path = ASUserProfileDataController.m; sourceTree = "<group>"; };
		0AFE1B7515E6999B00636B4D /* ASUserProfile.h */ = {isa = PBXFileReference; fileEncoding = 4; lastKnownFileType = sourcecode.c.h; path = ASUserProfile.h; sourceTree = "<group>"; };
		0AFE1B7615E6999C00636B4D /* ASUserProfile.m */ = {isa = PBXFileReference; fileEncoding = 4; lastKnownFileType = sourcecode.c.objc; path = ASUserProfile.m; sourceTree = "<group>"; };
		0AFE1B7B15E70C6600636B4D /* ASTopicBrowseViewController.h */ = {isa = PBXFileReference; fileEncoding = 4; lastKnownFileType = sourcecode.c.h; path = ASTopicBrowseViewController.h; sourceTree = "<group>"; };
		0AFE1B7C15E70C6600636B4D /* ASTopicBrowseViewController.m */ = {isa = PBXFileReference; fileEncoding = 4; lastKnownFileType = sourcecode.c.objc; path = ASTopicBrowseViewController.m; sourceTree = "<group>"; };
		0AFF559A15E50E32002E5085 /* ASActivityWaitingViewController.h */ = {isa = PBXFileReference; fileEncoding = 4; lastKnownFileType = sourcecode.c.h; path = ASActivityWaitingViewController.h; sourceTree = "<group>"; };
		0AFF559B15E50E32002E5085 /* ASActivityWaitingViewController.m */ = {isa = PBXFileReference; fileEncoding = 4; lastKnownFileType = sourcecode.c.objc; path = ASActivityWaitingViewController.m; sourceTree = "<group>"; };
		0AFF55A015E53B1A002E5085 /* ASURLEncoding.h */ = {isa = PBXFileReference; fileEncoding = 4; lastKnownFileType = sourcecode.c.h; path = ASURLEncoding.h; sourceTree = "<group>"; };
		0AFF55A115E53B1A002E5085 /* ASURLEncoding.m */ = {isa = PBXFileReference; fileEncoding = 4; lastKnownFileType = sourcecode.c.objc; path = ASURLEncoding.m; sourceTree = "<group>"; };
		6C096F7F15BD93CD0082ECDB /* tab_map@2x.png */ = {isa = PBXFileReference; lastKnownFileType = image.png; path = "tab_map@2x.png"; sourceTree = "<group>"; };
		6C096F8015BD93CD0082ECDB /* tab_account@2x.png */ = {isa = PBXFileReference; lastKnownFileType = image.png; path = "tab_account@2x.png"; sourceTree = "<group>"; };
		6C096F8115BD93CD0082ECDB /* tab_scan@2x.png */ = {isa = PBXFileReference; lastKnownFileType = image.png; path = "tab_scan@2x.png"; sourceTree = "<group>"; };
		6C096F8215BD93CD0082ECDB /* tab_listings@2x.png */ = {isa = PBXFileReference; lastKnownFileType = image.png; path = "tab_listings@2x.png"; sourceTree = "<group>"; };
		6C096F8715BD93F10082ECDB /* tab_map.png */ = {isa = PBXFileReference; lastKnownFileType = image.png; path = tab_map.png; sourceTree = "<group>"; };
		6C096F8815BD93F10082ECDB /* tab_account.png */ = {isa = PBXFileReference; lastKnownFileType = image.png; path = tab_account.png; sourceTree = "<group>"; };
		6C096F8915BD93F10082ECDB /* tab_scan.png */ = {isa = PBXFileReference; lastKnownFileType = image.png; path = tab_scan.png; sourceTree = "<group>"; };
		6C096F8A15BD93F10082ECDB /* tab_listings.png */ = {isa = PBXFileReference; lastKnownFileType = image.png; path = tab_listings.png; sourceTree = "<group>"; };
		6C0CC23115B7B1FC00F2F7B6 /* AllSortz.app */ = {isa = PBXFileReference; explicitFileType = wrapper.application; includeInIndex = 0; path = AllSortz.app; sourceTree = BUILT_PRODUCTS_DIR; };
		6C0CC23515B7B1FC00F2F7B6 /* UIKit.framework */ = {isa = PBXFileReference; lastKnownFileType = wrapper.framework; name = UIKit.framework; path = System/Library/Frameworks/UIKit.framework; sourceTree = SDKROOT; };
		6C0CC23715B7B1FC00F2F7B6 /* Foundation.framework */ = {isa = PBXFileReference; lastKnownFileType = wrapper.framework; name = Foundation.framework; path = System/Library/Frameworks/Foundation.framework; sourceTree = SDKROOT; };
		6C0CC23915B7B1FC00F2F7B6 /* CoreGraphics.framework */ = {isa = PBXFileReference; lastKnownFileType = wrapper.framework; name = CoreGraphics.framework; path = System/Library/Frameworks/CoreGraphics.framework; sourceTree = SDKROOT; };
		6C0CC23D15B7B1FC00F2F7B6 /* AllSortz-Info.plist */ = {isa = PBXFileReference; lastKnownFileType = text.plist.xml; path = "AllSortz-Info.plist"; sourceTree = "<group>"; };
		6C0CC23F15B7B1FC00F2F7B6 /* en */ = {isa = PBXFileReference; lastKnownFileType = text.plist.strings; name = en; path = en.lproj/InfoPlist.strings; sourceTree = "<group>"; };
		6C0CC24115B7B1FC00F2F7B6 /* main.m */ = {isa = PBXFileReference; lastKnownFileType = sourcecode.c.objc; path = main.m; sourceTree = "<group>"; };
		6C0CC24315B7B1FC00F2F7B6 /* AllSortz-Prefix.pch */ = {isa = PBXFileReference; lastKnownFileType = sourcecode.c.h; path = "AllSortz-Prefix.pch"; sourceTree = "<group>"; };
		6C0CC24415B7B1FC00F2F7B6 /* ASAppDelegate.h */ = {isa = PBXFileReference; lastKnownFileType = sourcecode.c.h; path = ASAppDelegate.h; sourceTree = "<group>"; };
		6C0CC24515B7B1FC00F2F7B6 /* ASAppDelegate.m */ = {isa = PBXFileReference; lastKnownFileType = sourcecode.c.objc; path = ASAppDelegate.m; sourceTree = "<group>"; };
		6C0CC24815B7B1FC00F2F7B6 /* en */ = {isa = PBXFileReference; lastKnownFileType = file.storyboard; name = en; path = en.lproj/MainStoryboard_iPhone.storyboard; sourceTree = "<group>"; };
		6C0CC24B15B7B1FC00F2F7B6 /* en */ = {isa = PBXFileReference; lastKnownFileType = file.storyboard; name = en; path = en.lproj/MainStoryboard_iPad.storyboard; sourceTree = "<group>"; };
		6C0CC26015B7B1FC00F2F7B6 /* AllSortzTests.octest */ = {isa = PBXFileReference; explicitFileType = wrapper.cfbundle; includeInIndex = 0; path = AllSortzTests.octest; sourceTree = BUILT_PRODUCTS_DIR; };
		6C0CC26115B7B1FC00F2F7B6 /* SenTestingKit.framework */ = {isa = PBXFileReference; lastKnownFileType = wrapper.framework; name = SenTestingKit.framework; path = Library/Frameworks/SenTestingKit.framework; sourceTree = DEVELOPER_DIR; };
		6C0CC26915B7B1FC00F2F7B6 /* AllSortzTests-Info.plist */ = {isa = PBXFileReference; lastKnownFileType = text.plist.xml; path = "AllSortzTests-Info.plist"; sourceTree = "<group>"; };
		6C0CC26B15B7B1FC00F2F7B6 /* en */ = {isa = PBXFileReference; lastKnownFileType = text.plist.strings; name = en; path = en.lproj/InfoPlist.strings; sourceTree = "<group>"; };
		6C0CC26D15B7B1FC00F2F7B6 /* AllSortzTests.h */ = {isa = PBXFileReference; lastKnownFileType = sourcecode.c.h; path = AllSortzTests.h; sourceTree = "<group>"; };
		6C0CC26E15B7B1FC00F2F7B6 /* AllSortzTests.m */ = {isa = PBXFileReference; lastKnownFileType = sourcecode.c.objc; path = AllSortzTests.m; sourceTree = "<group>"; };
		6C0CC27815B7B9BE00F2F7B6 /* MapKit.framework */ = {isa = PBXFileReference; lastKnownFileType = wrapper.framework; name = MapKit.framework; path = System/Library/Frameworks/MapKit.framework; sourceTree = SDKROOT; };
		6C2516A615E145DC00475CB2 /* ASSubscripting.h */ = {isa = PBXFileReference; lastKnownFileType = sourcecode.c.h; path = ASSubscripting.h; sourceTree = "<group>"; };
		6C3A150115E531F8006C9EC0 /* Icon-72.png */ = {isa = PBXFileReference; lastKnownFileType = image.png; path = "Icon-72.png"; sourceTree = "<group>"; };
		6C3A150215E531F8006C9EC0 /* Icon-72@2x.png */ = {isa = PBXFileReference; lastKnownFileType = image.png; path = "Icon-72@2x.png"; sourceTree = "<group>"; };
		6C3A150315E531F8006C9EC0 /* Icon-1024.png */ = {isa = PBXFileReference; lastKnownFileType = image.png; path = "Icon-1024.png"; sourceTree = "<group>"; };
		6C3A150415E531F8006C9EC0 /* Icon.png */ = {isa = PBXFileReference; lastKnownFileType = image.png; path = Icon.png; sourceTree = "<group>"; };
		6C3A150515E531F8006C9EC0 /* Icon@2x.png */ = {isa = PBXFileReference; lastKnownFileType = image.png; path = "Icon@2x.png"; sourceTree = "<group>"; };
		6C3A150D15E537A9006C9EC0 /* Icon-Small-50.png */ = {isa = PBXFileReference; lastKnownFileType = image.png; path = "Icon-Small-50.png"; sourceTree = "<group>"; };
		6C3A150E15E537A9006C9EC0 /* Icon-Small-50@2x.png */ = {isa = PBXFileReference; lastKnownFileType = image.png; path = "Icon-Small-50@2x.png"; sourceTree = "<group>"; };
		6C3A150F15E537A9006C9EC0 /* Icon-Small.png */ = {isa = PBXFileReference; lastKnownFileType = image.png; path = "Icon-Small.png"; sourceTree = "<group>"; };
		6C3A151015E537A9006C9EC0 /* Icon-Small@2x.png */ = {isa = PBXFileReference; lastKnownFileType = image.png; path = "Icon-Small@2x.png"; sourceTree = "<group>"; };
		6C61B73015E580140041276B /* ASDefault-Landscape@2x~ipad.png */ = {isa = PBXFileReference; lastKnownFileType = image.png; path = "ASDefault-Landscape@2x~ipad.png"; sourceTree = "<group>"; };
		6C61B73115E580140041276B /* ASDefault-Landscape~ipad.png */ = {isa = PBXFileReference; lastKnownFileType = image.png; path = "ASDefault-Landscape~ipad.png"; sourceTree = "<group>"; };
		6C61B73215E580140041276B /* ASDefault-Portrait@2x~ipad.png */ = {isa = PBXFileReference; lastKnownFileType = image.png; path = "ASDefault-Portrait@2x~ipad.png"; sourceTree = "<group>"; };
		6C61B73315E580140041276B /* ASDefault-Portrait~ipad.png */ = {isa = PBXFileReference; lastKnownFileType = image.png; path = "ASDefault-Portrait~ipad.png"; sourceTree = "<group>"; };
		6C61B73415E580140041276B /* ASDefault@2x~iphone.png */ = {isa = PBXFileReference; lastKnownFileType = image.png; path = "ASDefault@2x~iphone.png"; sourceTree = "<group>"; };
		6C61B73515E580140041276B /* ASDefault~iphone.png */ = {isa = PBXFileReference; lastKnownFileType = image.png; path = "ASDefault~iphone.png"; sourceTree = "<group>"; };
		6C92CDBA15C49A1400B6FF9B /* ASBusinessListDataController.h */ = {isa = PBXFileReference; fileEncoding = 4; lastKnownFileType = sourcecode.c.h; path = ASBusinessListDataController.h; sourceTree = "<group>"; };
		6C92CDBB15C49A1400B6FF9B /* ASBusinessListDataController.m */ = {isa = PBXFileReference; fileEncoding = 4; lastKnownFileType = sourcecode.c.objc; path = ASBusinessListDataController.m; sourceTree = "<group>"; };
		6CBBAA2D15B8AF350073970B /* ASListingsViewController.h */ = {isa = PBXFileReference; fileEncoding = 4; lastKnownFileType = sourcecode.c.h; path = ASListingsViewController.h; sourceTree = "<group>"; };
		6CBBAA2E15B8AF350073970B /* ASListingsViewController.m */ = {isa = PBXFileReference; fileEncoding = 4; lastKnownFileType = sourcecode.c.objc; path = ASListingsViewController.m; sourceTree = "<group>"; };
		6CC57A2615C4EE3E00F76A13 /* ASBusinessList.h */ = {isa = PBXFileReference; fileEncoding = 4; lastKnownFileType = sourcecode.c.h; path = ASBusinessList.h; sourceTree = "<group>"; };
		6CC57A2715C4EE3E00F76A13 /* ASBusinessList.m */ = {isa = PBXFileReference; fileEncoding = 4; lastKnownFileType = sourcecode.c.objc; path = ASBusinessList.m; sourceTree = "<group>"; };
		6CD1384915B8370D0032A4F1 /* ASMapViewController.h */ = {isa = PBXFileReference; fileEncoding = 4; lastKnownFileType = sourcecode.c.h; path = ASMapViewController.h; sourceTree = "<group>"; };
		6CD1384A15B8370D0032A4F1 /* ASMapViewController.m */ = {isa = PBXFileReference; fileEncoding = 4; lastKnownFileType = sourcecode.c.objc; path = ASMapViewController.m; sourceTree = "<group>"; };
/* End PBXFileReference section */

/* Begin PBXFrameworksBuildPhase section */
		6C0CC22E15B7B1FC00F2F7B6 /* Frameworks */ = {
			isa = PBXFrameworksBuildPhase;
			buildActionMask = 2147483647;
			files = (
				0AA6259715EED5F900C0BE8E /* CoreLocation.framework in Frameworks */,
				6C0CC27915B7B9BE00F2F7B6 /* MapKit.framework in Frameworks */,
				6C0CC23615B7B1FC00F2F7B6 /* UIKit.framework in Frameworks */,
				6C0CC23815B7B1FC00F2F7B6 /* Foundation.framework in Frameworks */,
				6C0CC23A15B7B1FC00F2F7B6 /* CoreGraphics.framework in Frameworks */,
			);
			runOnlyForDeploymentPostprocessing = 0;
		};
		6C0CC25C15B7B1FC00F2F7B6 /* Frameworks */ = {
			isa = PBXFrameworksBuildPhase;
			buildActionMask = 2147483647;
			files = (
				6C0CC26215B7B1FC00F2F7B6 /* SenTestingKit.framework in Frameworks */,
				6C0CC26315B7B1FC00F2F7B6 /* UIKit.framework in Frameworks */,
				6C0CC26415B7B1FC00F2F7B6 /* Foundation.framework in Frameworks */,
			);
			runOnlyForDeploymentPostprocessing = 0;
		};
/* End PBXFrameworksBuildPhase section */

/* Begin PBXGroup section */
		0A0423FE15D9AD5D008143F0 /* Query Panel */ = {
			isa = PBXGroup;
			children = (
				0AFF559A15E50E32002E5085 /* ASActivityWaitingViewController.h */,
				0AFF559B15E50E32002E5085 /* ASActivityWaitingViewController.m */,
				0A0423FB15D98896008143F0 /* ASQuery.h */,
				0A0423FC15D98896008143F0 /* ASQuery.m */,
				0A0423F815D97113008143F0 /* ASSortViewController.h */,
				0A0423F915D97113008143F0 /* ASSortViewController.m */,
				0A04240115D9ADD5008143F0 /* ASQueryDataController.h */,
				0A04240215D9ADD5008143F0 /* ASQueryDataController.m */,
			);
			name = "Query Panel";
			sourceTree = "<group>";
		};
		0A0423FF15D9AD80008143F0 /* Listings View */ = {
			isa = PBXGroup;
			children = (
				0A3DB66415D5AF970069637D /* ASIconDownloader.h */,
				0A3DB66515D5AF970069637D /* ASIconDownloader.m */,
				6CC57A2615C4EE3E00F76A13 /* ASBusinessList.h */,
				6CC57A2715C4EE3E00F76A13 /* ASBusinessList.m */,
				6C92CDBA15C49A1400B6FF9B /* ASBusinessListDataController.h */,
				6C92CDBB15C49A1400B6FF9B /* ASBusinessListDataController.m */,
				6CBBAA2D15B8AF350073970B /* ASListingsViewController.h */,
				0A3DB67315D5B8FC0069637D /* ASListing.h */,
				0A3DB67415D5B8FC0069637D /* ASListing.m */,
				6CBBAA2E15B8AF350073970B /* ASListingsViewController.m */,
			);
			name = "Listings View";
			sourceTree = "<group>";
		};
		0A04240015D9AD99008143F0 /* Map View */ = {
			isa = PBXGroup;
			children = (
				6CD1384915B8370D0032A4F1 /* ASMapViewController.h */,
				6CD1384A15B8370D0032A4F1 /* ASMapViewController.m */,
				0AA6258115EE901B00C0BE8E /* ASMapPoint.h */,
				0AA6258215EE901B00C0BE8E /* ASMapPoint.m */,
				0AA6259015EEBCAF00C0BE8E /* ASMapAnnotation.h */,
				0AA6259115EEBCAF00C0BE8E /* ASMapAnnotation.m */,
			);
			name = "Map View";
			sourceTree = "<group>";
		};
		0A04240815DA8DA3008143F0 /* Add Business */ = {
			isa = PBXGroup;
			children = (
				0A04240915DA8DD6008143F0 /* ASAddBusinessViewController.h */,
				0A04240A15DA8DD6008143F0 /* ASAddBusinessViewController.m */,
				0A04240C15DA8E03008143F0 /* ASAddBusinessDataController.h */,
				0A04240D15DA8E03008143F0 /* ASAddBusinessDataController.m */,
				0A04240F15DA8E0D008143F0 /* ASAddBusiness.h */,
				0A04241015DA8E0D008143F0 /* ASAddBusiness.m */,
			);
			name = "Add Business";
			sourceTree = "<group>";
		};
		0A0ECA9815DD76E8007FD661 /* Type Icons */ = {
			isa = PBXGroup;
			children = (
				0A0ECAA415DD76E8007FD661 /* cocktail.png */,
				0A0ECADE15DD82BF007FD661 /* latenight.png */,
				0A0ECADC15DD82AF007FD661 /* default.png */,
				0A0ECA9915DD76E8007FD661 /* accessible.png */,
				0A0ECA9A15DD76E8007FD661 /* account.png */,
				0A0ECA9B15DD76E8007FD661 /* allsortz.png */,
				0A0ECA9C15DD76E8007FD661 /* bakery.png */,
				0A0ECA9D15DD76E8007FD661 /* barcode.png */,
				0A0ECA9E15DD76E8007FD661 /* beer.png */,
				0A0ECA9F15DD76E8007FD661 /* breakfast.png */,
				0A0ECAA015DD76E8007FD661 /* broccoli.png */,
				0A0ECAA115DD76E8007FD661 /* burger.png */,
				0A0ECAA215DD76E8007FD661 /* candy.png */,
				0A0ECAA315DD76E8007FD661 /* chinese.png */,
				0A0ECAA515DD76E8007FD661 /* coffee.png */,
				0A0ECAA615DD76E8007FD661 /* dining.png */,
				0A0ECAA715DD76E8007FD661 /* dollar.png */,
				0A0ECAA815DD76E8007FD661 /* family.png */,
				0A0ECAA915DD76E8007FD661 /* fast.png */,
				0A0ECAAA15DD76E8007FD661 /* fish.png */,
				0A0ECAAB15DD76E8007FD661 /* formal.png */,
				0A0ECAAC15DD76E8007FD661 /* healthy.png */,
				0A0ECAAD15DD76E8007FD661 /* hoagie.png */,
				0A0ECAAE15DD76E8007FD661 /* icecream.png */,
				0A0ECAAF15DD76E8007FD661 /* outdoors.png */,
				0A0ECAB015DD76E8007FD661 /* party.png */,
				0A0ECAB115DD76E8007FD661 /* pepper.png */,
				0A0ECAB215DD76E8007FD661 /* pie.png */,
				0A0ECAB315DD76E8007FD661 /* pizza.png */,
				0A0ECAB415DD76E8007FD661 /* rice.png */,
				0A0ECAB515DD76E8007FD661 /* settings.png */,
				0A0ECAB615DD76E8007FD661 /* steak.png */,
				0A0ECAB715DD76E8007FD661 /* sushi.png */,
				0A0ECAB815DD76E8007FD661 /* wifi.png */,
				0A0ECAB915DD76E8007FD661 /* wine.png */,
			);
			name = "Type Icons";
			path = type_icons;
			sourceTree = "<group>";
		};
		0AAB66BC15EFA4DD00F22011 /* Social */ = {
			isa = PBXGroup;
			children = (
				0AAB66BE15EFA4E800F22011 /* ASUser.h */,
				0AAB66BF15EFA4E800F22011 /* ASUser.m */,
				0AAB66C015EFA4E800F22011 /* ASSocialDataController.h */,
				0AAB66C115EFA4E800F22011 /* ASSocialDataController.m */,
				0AAB66C215EFA4E800F22011 /* ASSocialViewController.h */,
				0AAB66C315EFA4E800F22011 /* ASSocialViewController.m */,
				0AAB66C715EFE50300F22011 /* ASProfilePictureViewController.h */,
				0AAB66C815EFE50300F22011 /* ASProfilePictureViewController.m */,
			);
			name = Social;
			sourceTree = "<group>";
		};
		0AFE1B7115E6995C00636B4D /* User Profile */ = {
			isa = PBXGroup;
			children = (
				0AFE1B6D15E6995000636B4D /* ASUserProfileViewController.h */,
				0AFE1B6E15E6995000636B4D /* ASUserProfileViewController.m */,
				0AFE1B7215E6997C00636B4D /* ASUserProfileDataController.h */,
				0AFE1B7315E6997C00636B4D /* ASUserProfileDataController.m */,
				0AFE1B7515E6999B00636B4D /* ASUserProfile.h */,
				0AFE1B7615E6999C00636B4D /* ASUserProfile.m */,
				0AFE1B7B15E70C6600636B4D /* ASTopicBrowseViewController.h */,
				0AFE1B7C15E70C6600636B4D /* ASTopicBrowseViewController.m */,
			);
			name = "User Profile";
			sourceTree = "<group>";
		};
		6C096F7E15BD93BE0082ECDB /* Images */ = {
			isa = PBXGroup;
			children = (
				0AA6258A15EEBB9C00C0BE8E /* test-smaller.png */,
				0AA6258415EEB85600C0BE8E /* def-as-icon.png */,
				0A7BAAC615DD483F00605B7D /* Placeholder.png */,
				6C3A150C15E532DA006C9EC0 /* App Icons */,
				6C3A152F15E54BC5006C9EC0 /* Launch Images */,
				6C3A152215E54A68006C9EC0 /* Tab Bar Icons */,
				0A0ECA9815DD76E8007FD661 /* Type Icons */,
			);
			name = Images;
			sourceTree = "<group>";
		};
		6C0CC22615B7B1FC00F2F7B6 = {
			isa = PBXGroup;
			children = (
				0AA6259615EED5F800C0BE8E /* CoreLocation.framework */,
				6C0CC23B15B7B1FC00F2F7B6 /* AllSortz */,
				6C0CC26715B7B1FC00F2F7B6 /* AllSortzTests */,
				6C0CC23415B7B1FC00F2F7B6 /* Frameworks */,
				6C0CC23215B7B1FC00F2F7B6 /* Products */,
			);
			sourceTree = "<group>";
		};
		6C0CC23215B7B1FC00F2F7B6 /* Products */ = {
			isa = PBXGroup;
			children = (
				6C0CC23115B7B1FC00F2F7B6 /* AllSortz.app */,
				6C0CC26015B7B1FC00F2F7B6 /* AllSortzTests.octest */,
			);
			name = Products;
			sourceTree = "<group>";
		};
		6C0CC23415B7B1FC00F2F7B6 /* Frameworks */ = {
			isa = PBXGroup;
			children = (
				6C0CC23915B7B1FC00F2F7B6 /* CoreGraphics.framework */,
				6C0CC23715B7B1FC00F2F7B6 /* Foundation.framework */,
				6C0CC27815B7B9BE00F2F7B6 /* MapKit.framework */,
				6C0CC26115B7B1FC00F2F7B6 /* SenTestingKit.framework */,
				6C0CC23515B7B1FC00F2F7B6 /* UIKit.framework */,
			);
			name = Frameworks;
			sourceTree = "<group>";
		};
		6C0CC23B15B7B1FC00F2F7B6 /* AllSortz */ = {
			isa = PBXGroup;
			children = (
				0AAB66BC15EFA4DD00F22011 /* Social */,
				6C0CC24415B7B1FC00F2F7B6 /* ASAppDelegate.h */,
				6C0CC24515B7B1FC00F2F7B6 /* ASAppDelegate.m */,
				6C2516A615E145DC00475CB2 /* ASSubscripting.h */,
				0AFF55A015E53B1A002E5085 /* ASURLEncoding.h */,
				0AFF55A115E53B1A002E5085 /* ASURLEncoding.m */,
				6C0CC24715B7B1FC00F2F7B6 /* MainStoryboard_iPhone.storyboard */,
				0AFE1B7115E6995C00636B4D /* User Profile */,
				6C0CC24A15B7B1FC00F2F7B6 /* MainStoryboard_iPad.storyboard */,
				0A04240815DA8DA3008143F0 /* Add Business */,
				6C096F7E15BD93BE0082ECDB /* Images */,
				0A0423FF15D9AD80008143F0 /* Listings View */,
				0A04240015D9AD99008143F0 /* Map View */,
				0A0423FE15D9AD5D008143F0 /* Query Panel */,
				6C0CC23C15B7B1FC00F2F7B6 /* Supporting Files */,
				0AA6259315EED1A800C0BE8E /* ASCLController.h */,
				0AA6259415EED1AB00C0BE8E /* ASCLController.m */,
			);
			path = AllSortz;
			sourceTree = "<group>";
		};
		6C0CC23C15B7B1FC00F2F7B6 /* Supporting Files */ = {
			isa = PBXGroup;
			children = (
				6C0CC23D15B7B1FC00F2F7B6 /* AllSortz-Info.plist */,
				6C0CC23E15B7B1FC00F2F7B6 /* InfoPlist.strings */,
				6C0CC24115B7B1FC00F2F7B6 /* main.m */,
				6C0CC24315B7B1FC00F2F7B6 /* AllSortz-Prefix.pch */,
			);
			name = "Supporting Files";
			sourceTree = "<group>";
		};
		6C0CC26715B7B1FC00F2F7B6 /* AllSortzTests */ = {
			isa = PBXGroup;
			children = (
				6C0CC26D15B7B1FC00F2F7B6 /* AllSortzTests.h */,
				6C0CC26E15B7B1FC00F2F7B6 /* AllSortzTests.m */,
				6C0CC26815B7B1FC00F2F7B6 /* Supporting Files */,
			);
			path = AllSortzTests;
			sourceTree = "<group>";
		};
		6C0CC26815B7B1FC00F2F7B6 /* Supporting Files */ = {
			isa = PBXGroup;
			children = (
				6C0CC26915B7B1FC00F2F7B6 /* AllSortzTests-Info.plist */,
				6C0CC26A15B7B1FC00F2F7B6 /* InfoPlist.strings */,
			);
			name = "Supporting Files";
			sourceTree = "<group>";
		};
		6C3A150C15E532DA006C9EC0 /* App Icons */ = {
			isa = PBXGroup;
			children = (
				6C3A150415E531F8006C9EC0 /* Icon.png */,
				6C3A150515E531F8006C9EC0 /* Icon@2x.png */,
				6C3A150115E531F8006C9EC0 /* Icon-72.png */,
				6C3A150215E531F8006C9EC0 /* Icon-72@2x.png */,
				6C3A150315E531F8006C9EC0 /* Icon-1024.png */,
				6C3A150F15E537A9006C9EC0 /* Icon-Small.png */,
				6C3A151015E537A9006C9EC0 /* Icon-Small@2x.png */,
				6C3A150D15E537A9006C9EC0 /* Icon-Small-50.png */,
				6C3A150E15E537A9006C9EC0 /* Icon-Small-50@2x.png */,
			);
			name = "App Icons";
			sourceTree = "<group>";
		};
		6C3A152215E54A68006C9EC0 /* Tab Bar Icons */ = {
			isa = PBXGroup;
			children = (
				6C096F8815BD93F10082ECDB /* tab_account.png */,
				6C096F8015BD93CD0082ECDB /* tab_account@2x.png */,
				6C096F8A15BD93F10082ECDB /* tab_listings.png */,
				6C096F8215BD93CD0082ECDB /* tab_listings@2x.png */,
				6C096F8715BD93F10082ECDB /* tab_map.png */,
				6C096F7F15BD93CD0082ECDB /* tab_map@2x.png */,
				6C096F8915BD93F10082ECDB /* tab_scan.png */,
				6C096F8115BD93CD0082ECDB /* tab_scan@2x.png */,
			);
			name = "Tab Bar Icons";
			sourceTree = "<group>";
		};
		6C3A152F15E54BC5006C9EC0 /* Launch Images */ = {
			isa = PBXGroup;
			children = (
				6C61B73515E580140041276B /* ASDefault~iphone.png */,
				6C61B73415E580140041276B /* ASDefault@2x~iphone.png */,
				6C61B73115E580140041276B /* ASDefault-Landscape~ipad.png */,
				6C61B73015E580140041276B /* ASDefault-Landscape@2x~ipad.png */,
				6C61B73315E580140041276B /* ASDefault-Portrait~ipad.png */,
				6C61B73215E580140041276B /* ASDefault-Portrait@2x~ipad.png */,
			);
			name = "Launch Images";
			sourceTree = "<group>";
		};
/* End PBXGroup section */

/* Begin PBXNativeTarget section */
		6C0CC23015B7B1FC00F2F7B6 /* AllSortz */ = {
			isa = PBXNativeTarget;
			buildConfigurationList = 6C0CC27215B7B1FC00F2F7B6 /* Build configuration list for PBXNativeTarget "AllSortz" */;
			buildPhases = (
				6C0CC22D15B7B1FC00F2F7B6 /* Sources */,
				6C0CC22E15B7B1FC00F2F7B6 /* Frameworks */,
				6C0CC22F15B7B1FC00F2F7B6 /* Resources */,
			);
			buildRules = (
			);
			dependencies = (
			);
			name = AllSortz;
			productName = AllSortz;
			productReference = 6C0CC23115B7B1FC00F2F7B6 /* AllSortz.app */;
			productType = "com.apple.product-type.application";
		};
		6C0CC25F15B7B1FC00F2F7B6 /* AllSortzTests */ = {
			isa = PBXNativeTarget;
			buildConfigurationList = 6C0CC27515B7B1FC00F2F7B6 /* Build configuration list for PBXNativeTarget "AllSortzTests" */;
			buildPhases = (
				6C0CC25B15B7B1FC00F2F7B6 /* Sources */,
				6C0CC25C15B7B1FC00F2F7B6 /* Frameworks */,
				6C0CC25D15B7B1FC00F2F7B6 /* Resources */,
				6C0CC25E15B7B1FC00F2F7B6 /* ShellScript */,
			);
			buildRules = (
			);
			dependencies = (
				6C0CC26615B7B1FC00F2F7B6 /* PBXTargetDependency */,
			);
			name = AllSortzTests;
			productName = AllSortzTests;
			productReference = 6C0CC26015B7B1FC00F2F7B6 /* AllSortzTests.octest */;
			productType = "com.apple.product-type.bundle";
		};
/* End PBXNativeTarget section */

/* Begin PBXProject section */
		6C0CC22815B7B1FC00F2F7B6 /* Project object */ = {
			isa = PBXProject;
			attributes = {
				CLASSPREFIX = AS;
				LastUpgradeCheck = 0430;
				ORGANIZATIONNAME = "AllSortz, Inc.";
			};
			buildConfigurationList = 6C0CC22B15B7B1FC00F2F7B6 /* Build configuration list for PBXProject "AllSortz" */;
			compatibilityVersion = "Xcode 3.2";
			developmentRegion = English;
			hasScannedForEncodings = 0;
			knownRegions = (
				en,
			);
			mainGroup = 6C0CC22615B7B1FC00F2F7B6;
			productRefGroup = 6C0CC23215B7B1FC00F2F7B6 /* Products */;
			projectDirPath = "";
			projectRoot = "";
			targets = (
				6C0CC23015B7B1FC00F2F7B6 /* AllSortz */,
				6C0CC25F15B7B1FC00F2F7B6 /* AllSortzTests */,
			);
		};
/* End PBXProject section */

/* Begin PBXResourcesBuildPhase section */
		6C0CC22F15B7B1FC00F2F7B6 /* Resources */ = {
			isa = PBXResourcesBuildPhase;
			buildActionMask = 2147483647;
			files = (
				6C0CC24015B7B1FC00F2F7B6 /* InfoPlist.strings in Resources */,
				6C0CC24915B7B1FC00F2F7B6 /* MainStoryboard_iPhone.storyboard in Resources */,
				6C0CC24C15B7B1FC00F2F7B6 /* MainStoryboard_iPad.storyboard in Resources */,
				6C096F8315BD93CD0082ECDB /* tab_map@2x.png in Resources */,
				6C096F8415BD93CD0082ECDB /* tab_account@2x.png in Resources */,
				6C096F8515BD93CD0082ECDB /* tab_scan@2x.png in Resources */,
				6C096F8615BD93CD0082ECDB /* tab_listings@2x.png in Resources */,
				6C096F8B15BD93F10082ECDB /* tab_map.png in Resources */,
				6C096F8C15BD93F10082ECDB /* tab_account.png in Resources */,
				6C096F8D15BD93F10082ECDB /* tab_scan.png in Resources */,
				6C096F8E15BD93F10082ECDB /* tab_listings.png in Resources */,
				0A7BAAC715DD483F00605B7D /* Placeholder.png in Resources */,
				0A0ECABA15DD76E8007FD661 /* accessible.png in Resources */,
				0A0ECABB15DD76E8007FD661 /* account.png in Resources */,
				0A0ECABC15DD76E8007FD661 /* allsortz.png in Resources */,
				0A0ECABD15DD76E8007FD661 /* bakery.png in Resources */,
				0A0ECABE15DD76E8007FD661 /* barcode.png in Resources */,
				0A0ECABF15DD76E8007FD661 /* beer.png in Resources */,
				0A0ECAC015DD76E8007FD661 /* breakfast.png in Resources */,
				0A0ECAC115DD76E8007FD661 /* broccoli.png in Resources */,
				0A0ECAC215DD76E8007FD661 /* burger.png in Resources */,
				0A0ECAC315DD76E8007FD661 /* candy.png in Resources */,
				0A0ECAC415DD76E8007FD661 /* chinese.png in Resources */,
				0A0ECAC515DD76E8007FD661 /* cocktail.png in Resources */,
				0A0ECAC615DD76E8007FD661 /* coffee.png in Resources */,
				0A0ECAC715DD76E8007FD661 /* dining.png in Resources */,
				0A0ECAC815DD76E8007FD661 /* dollar.png in Resources */,
				0A0ECAC915DD76E8007FD661 /* family.png in Resources */,
				0A0ECACA15DD76E8007FD661 /* fast.png in Resources */,
				0A0ECACB15DD76E8007FD661 /* fish.png in Resources */,
				0A0ECACC15DD76E8007FD661 /* formal.png in Resources */,
				0A0ECACD15DD76E8007FD661 /* healthy.png in Resources */,
				0A0ECACE15DD76E8007FD661 /* hoagie.png in Resources */,
				0A0ECACF15DD76E8007FD661 /* icecream.png in Resources */,
				0A0ECAD015DD76E8007FD661 /* outdoors.png in Resources */,
				0A0ECAD115DD76E8007FD661 /* party.png in Resources */,
				0A0ECAD215DD76E8007FD661 /* pepper.png in Resources */,
				0A0ECAD315DD76E8007FD661 /* pie.png in Resources */,
				0A0ECAD415DD76E8007FD661 /* pizza.png in Resources */,
				0A0ECAD515DD76E8007FD661 /* rice.png in Resources */,
				0A0ECAD615DD76E8007FD661 /* settings.png in Resources */,
				0A0ECAD715DD76E8007FD661 /* steak.png in Resources */,
				0A0ECAD815DD76E8007FD661 /* sushi.png in Resources */,
				0A0ECAD915DD76E8007FD661 /* wifi.png in Resources */,
				0A0ECADA15DD76E8007FD661 /* wine.png in Resources */,
				0A0ECADD15DD82AF007FD661 /* default.png in Resources */,
				0A0ECADF15DD82BF007FD661 /* latenight.png in Resources */,
				6C3A150615E531F8006C9EC0 /* Icon-72.png in Resources */,
				6C3A150715E531F8006C9EC0 /* Icon-72@2x.png in Resources */,
				6C3A150815E531F8006C9EC0 /* Icon-1024.png in Resources */,
				6C3A150915E531F8006C9EC0 /* Icon.png in Resources */,
				6C3A150A15E531F8006C9EC0 /* Icon@2x.png in Resources */,
				6C3A151115E537A9006C9EC0 /* Icon-Small-50.png in Resources */,
				6C3A151215E537A9006C9EC0 /* Icon-Small-50@2x.png in Resources */,
				6C3A151315E537A9006C9EC0 /* Icon-Small.png in Resources */,
				6C3A151415E537A9006C9EC0 /* Icon-Small@2x.png in Resources */,
				6C61B73615E580140041276B /* ASDefault-Landscape@2x~ipad.png in Resources */,
				6C61B73715E580140041276B /* ASDefault-Landscape~ipad.png in Resources */,
				6C61B73815E580140041276B /* ASDefault-Portrait@2x~ipad.png in Resources */,
				6C61B73915E580140041276B /* ASDefault-Portrait~ipad.png in Resources */,
				6C61B73A15E580140041276B /* ASDefault@2x~iphone.png in Resources */,
				6C61B73B15E580140041276B /* ASDefault~iphone.png in Resources */,
				0AA6258515EEB85700C0BE8E /* def-as-icon.png in Resources */,
				0AA6258B15EEBB9C00C0BE8E /* test-smaller.png in Resources */,
			);
			runOnlyForDeploymentPostprocessing = 0;
		};
		6C0CC25D15B7B1FC00F2F7B6 /* Resources */ = {
			isa = PBXResourcesBuildPhase;
			buildActionMask = 2147483647;
			files = (
				6C0CC26C15B7B1FC00F2F7B6 /* InfoPlist.strings in Resources */,
			);
			runOnlyForDeploymentPostprocessing = 0;
		};
/* End PBXResourcesBuildPhase section */

/* Begin PBXShellScriptBuildPhase section */
		6C0CC25E15B7B1FC00F2F7B6 /* ShellScript */ = {
			isa = PBXShellScriptBuildPhase;
			buildActionMask = 2147483647;
			files = (
			);
			inputPaths = (
			);
			outputPaths = (
			);
			runOnlyForDeploymentPostprocessing = 0;
			shellPath = /bin/sh;
			shellScript = "# Run the unit tests in this test bundle.\n\"${SYSTEM_DEVELOPER_DIR}/Tools/RunUnitTests\"\n";
		};
/* End PBXShellScriptBuildPhase section */

/* Begin PBXSourcesBuildPhase section */
		6C0CC22D15B7B1FC00F2F7B6 /* Sources */ = {
			isa = PBXSourcesBuildPhase;
			buildActionMask = 2147483647;
			files = (
				6C0CC24215B7B1FC00F2F7B6 /* main.m in Sources */,
				6C0CC24615B7B1FC00F2F7B6 /* ASAppDelegate.m in Sources */,
				6CD1384B15B8370D0032A4F1 /* ASMapViewController.m in Sources */,
				6CBBAA2F15B8AF350073970B /* ASListingsViewController.m in Sources */,
				6C92CDBC15C49A1400B6FF9B /* ASBusinessListDataController.m in Sources */,
				6CC57A2815C4EE3E00F76A13 /* ASBusinessList.m in Sources */,
				0A3DB66615D5AF970069637D /* ASIconDownloader.m in Sources */,
				0A3DB67515D5B8FC0069637D /* ASListing.m in Sources */,
				0A0423FA15D97113008143F0 /* ASSortViewController.m in Sources */,
				0A0423FD15D98896008143F0 /* ASQuery.m in Sources */,
				0A04240315D9ADD5008143F0 /* ASQueryDataController.m in Sources */,
				0A04240B15DA8DD6008143F0 /* ASAddBusinessViewController.m in Sources */,
				0A04240E15DA8E03008143F0 /* ASAddBusinessDataController.m in Sources */,
				0A04241115DA8E0E008143F0 /* ASAddBusiness.m in Sources */,
				0AFF559C15E50E32002E5085 /* ASActivityWaitingViewController.m in Sources */,
				0AFF55A215E53B1A002E5085 /* ASURLEncoding.m in Sources */,
				0AFE1B6F15E6995000636B4D /* ASUserProfileViewController.m in Sources */,
				0AFE1B7415E6997C00636B4D /* ASUserProfileDataController.m in Sources */,
				0AFE1B7715E6999C00636B4D /* ASUserProfile.m in Sources */,
				0AFE1B7D15E70C6600636B4D /* ASTopicBrowseViewController.m in Sources */,
				0AA6258315EE901B00C0BE8E /* ASMapPoint.m in Sources */,
				0AA6259215EEBCAF00C0BE8E /* ASMapAnnotation.m in Sources */,
				0AA6259515EED1AD00C0BE8E /* ASCLController.m in Sources */,
				0AAB66C415EFA4E800F22011 /* ASUser.m in Sources */,
				0AAB66C515EFA4E800F22011 /* ASSocialDataController.m in Sources */,
				0AAB66C615EFA4E800F22011 /* ASSocialViewController.m in Sources */,
				0AAB66C915EFE50300F22011 /* ASProfilePictureViewController.m in Sources */,
			);
			runOnlyForDeploymentPostprocessing = 0;
		};
		6C0CC25B15B7B1FC00F2F7B6 /* Sources */ = {
			isa = PBXSourcesBuildPhase;
			buildActionMask = 2147483647;
			files = (
				6C0CC26F15B7B1FC00F2F7B6 /* AllSortzTests.m in Sources */,
			);
			runOnlyForDeploymentPostprocessing = 0;
		};
/* End PBXSourcesBuildPhase section */

/* Begin PBXTargetDependency section */
		6C0CC26615B7B1FC00F2F7B6 /* PBXTargetDependency */ = {
			isa = PBXTargetDependency;
			target = 6C0CC23015B7B1FC00F2F7B6 /* AllSortz */;
			targetProxy = 6C0CC26515B7B1FC00F2F7B6 /* PBXContainerItemProxy */;
		};
/* End PBXTargetDependency section */

/* Begin PBXVariantGroup section */
		6C0CC23E15B7B1FC00F2F7B6 /* InfoPlist.strings */ = {
			isa = PBXVariantGroup;
			children = (
				6C0CC23F15B7B1FC00F2F7B6 /* en */,
			);
			name = InfoPlist.strings;
			sourceTree = "<group>";
		};
		6C0CC24715B7B1FC00F2F7B6 /* MainStoryboard_iPhone.storyboard */ = {
			isa = PBXVariantGroup;
			children = (
				6C0CC24815B7B1FC00F2F7B6 /* en */,
			);
			name = MainStoryboard_iPhone.storyboard;
			sourceTree = "<group>";
		};
		6C0CC24A15B7B1FC00F2F7B6 /* MainStoryboard_iPad.storyboard */ = {
			isa = PBXVariantGroup;
			children = (
				6C0CC24B15B7B1FC00F2F7B6 /* en */,
			);
			name = MainStoryboard_iPad.storyboard;
			sourceTree = "<group>";
		};
		6C0CC26A15B7B1FC00F2F7B6 /* InfoPlist.strings */ = {
			isa = PBXVariantGroup;
			children = (
				6C0CC26B15B7B1FC00F2F7B6 /* en */,
			);
			name = InfoPlist.strings;
			sourceTree = "<group>";
		};
/* End PBXVariantGroup section */

/* Begin XCBuildConfiguration section */
		6C0CC27015B7B1FC00F2F7B6 /* Debug */ = {
			isa = XCBuildConfiguration;
			buildSettings = {
				ALWAYS_SEARCH_USER_PATHS = NO;
				ARCHS = "$(ARCHS_STANDARD_32_BIT)";
				CLANG_ENABLE_OBJC_ARC = YES;
				"CODE_SIGN_IDENTITY[sdk=iphoneos*]" = "iPhone Developer";
				COPY_PHASE_STRIP = NO;
				GCC_C_LANGUAGE_STANDARD = gnu99;
				GCC_DYNAMIC_NO_PIC = NO;
				GCC_OPTIMIZATION_LEVEL = 0;
				GCC_PREPROCESSOR_DEFINITIONS = (
					"DEBUG=1",
					"$(inherited)",
				);
				GCC_SYMBOLS_PRIVATE_EXTERN = NO;
				GCC_VERSION = com.apple.compilers.llvm.clang.1_0;
				GCC_WARN_ABOUT_RETURN_TYPE = YES;
				GCC_WARN_UNINITIALIZED_AUTOS = YES;
				GCC_WARN_UNUSED_VARIABLE = YES;
				IPHONEOS_DEPLOYMENT_TARGET = 5.1;
				SDKROOT = iphoneos;
				TARGETED_DEVICE_FAMILY = "1,2";
			};
			name = Debug;
		};
		6C0CC27115B7B1FC00F2F7B6 /* Release */ = {
			isa = XCBuildConfiguration;
			buildSettings = {
				ALWAYS_SEARCH_USER_PATHS = NO;
				ARCHS = "$(ARCHS_STANDARD_32_BIT)";
				CLANG_ENABLE_OBJC_ARC = YES;
				"CODE_SIGN_IDENTITY[sdk=iphoneos*]" = "iPhone Developer";
				COPY_PHASE_STRIP = YES;
				GCC_C_LANGUAGE_STANDARD = gnu99;
				GCC_VERSION = com.apple.compilers.llvm.clang.1_0;
				GCC_WARN_ABOUT_RETURN_TYPE = YES;
				GCC_WARN_UNINITIALIZED_AUTOS = YES;
				GCC_WARN_UNUSED_VARIABLE = YES;
				IPHONEOS_DEPLOYMENT_TARGET = 5.1;
				OTHER_CFLAGS = "-DNS_BLOCK_ASSERTIONS=1";
				SDKROOT = iphoneos;
				TARGETED_DEVICE_FAMILY = "1,2";
				VALIDATE_PRODUCT = YES;
			};
			name = Release;
		};
		6C0CC27315B7B1FC00F2F7B6 /* Debug */ = {
			isa = XCBuildConfiguration;
			buildSettings = {
				GCC_PRECOMPILE_PREFIX_HEADER = YES;
				GCC_PREFIX_HEADER = "AllSortz/AllSortz-Prefix.pch";
				INFOPLIST_FILE = "AllSortz/AllSortz-Info.plist";
				PRODUCT_NAME = "$(TARGET_NAME)";
				WRAPPER_EXTENSION = app;
			};
			name = Debug;
		};
		6C0CC27415B7B1FC00F2F7B6 /* Release */ = {
			isa = XCBuildConfiguration;
			buildSettings = {
				GCC_PRECOMPILE_PREFIX_HEADER = YES;
				GCC_PREFIX_HEADER = "AllSortz/AllSortz-Prefix.pch";
				INFOPLIST_FILE = "AllSortz/AllSortz-Info.plist";
				PRODUCT_NAME = "$(TARGET_NAME)";
				WRAPPER_EXTENSION = app;
			};
			name = Release;
		};
		6C0CC27615B7B1FC00F2F7B6 /* Debug */ = {
			isa = XCBuildConfiguration;
			buildSettings = {
				BUNDLE_LOADER = "$(BUILT_PRODUCTS_DIR)/AllSortz.app/AllSortz";
				FRAMEWORK_SEARCH_PATHS = (
					"$(SDKROOT)/Developer/Library/Frameworks",
					"$(DEVELOPER_LIBRARY_DIR)/Frameworks",
				);
				GCC_PRECOMPILE_PREFIX_HEADER = YES;
				GCC_PREFIX_HEADER = "AllSortz/AllSortz-Prefix.pch";
				INFOPLIST_FILE = "AllSortzTests/AllSortzTests-Info.plist";
				PRODUCT_NAME = "$(TARGET_NAME)";
				TEST_HOST = "$(BUNDLE_LOADER)";
				WRAPPER_EXTENSION = octest;
			};
			name = Debug;
		};
		6C0CC27715B7B1FC00F2F7B6 /* Release */ = {
			isa = XCBuildConfiguration;
			buildSettings = {
				BUNDLE_LOADER = "$(BUILT_PRODUCTS_DIR)/AllSortz.app/AllSortz";
				FRAMEWORK_SEARCH_PATHS = (
					"$(SDKROOT)/Developer/Library/Frameworks",
					"$(DEVELOPER_LIBRARY_DIR)/Frameworks",
				);
				GCC_PRECOMPILE_PREFIX_HEADER = YES;
				GCC_PREFIX_HEADER = "AllSortz/AllSortz-Prefix.pch";
				INFOPLIST_FILE = "AllSortzTests/AllSortzTests-Info.plist";
				PRODUCT_NAME = "$(TARGET_NAME)";
				TEST_HOST = "$(BUNDLE_LOADER)";
				WRAPPER_EXTENSION = octest;
			};
			name = Release;
		};
/* End XCBuildConfiguration section */

/* Begin XCConfigurationList section */
		6C0CC22B15B7B1FC00F2F7B6 /* Build configuration list for PBXProject "AllSortz" */ = {
			isa = XCConfigurationList;
			buildConfigurations = (
				6C0CC27015B7B1FC00F2F7B6 /* Debug */,
				6C0CC27115B7B1FC00F2F7B6 /* Release */,
			);
			defaultConfigurationIsVisible = 0;
			defaultConfigurationName = Release;
		};
		6C0CC27215B7B1FC00F2F7B6 /* Build configuration list for PBXNativeTarget "AllSortz" */ = {
			isa = XCConfigurationList;
			buildConfigurations = (
				6C0CC27315B7B1FC00F2F7B6 /* Debug */,
				6C0CC27415B7B1FC00F2F7B6 /* Release */,
			);
			defaultConfigurationIsVisible = 0;
			defaultConfigurationName = Release;
		};
		6C0CC27515B7B1FC00F2F7B6 /* Build configuration list for PBXNativeTarget "AllSortzTests" */ = {
			isa = XCConfigurationList;
			buildConfigurations = (
				6C0CC27615B7B1FC00F2F7B6 /* Debug */,
				6C0CC27715B7B1FC00F2F7B6 /* Release */,
			);
			defaultConfigurationIsVisible = 0;
			defaultConfigurationName = Release;
		};
/* End XCConfigurationList section */
	};
	rootObject = 6C0CC22815B7B1FC00F2F7B6 /* Project object */;
}
